
Microsoft Visual Studio Solution File, Format Version 12.00
# Visual Studio 14
VisualStudioVersion = 14.0.24720.0
MinimumVisualStudioVersion = 10.0.40219.1
Project("{FAE04EC0-301F-11D3-BF4B-00C04F79EFBC}") = "banHangProject", "banHangProject\banHangProject.csproj", "{640DB909-2533-4ADD-867F-FA70740CC932}"
EndProject
Project("{FAE04EC0-301F-11D3-BF4B-00C04F79EFBC}") = "haha", "haha\haha.csproj", "{D75AFAFA-1249-49D9-BEE3-1CD1C9FBA698}"
EndProject
Global
	GlobalSection(SolutionConfigurationPlatforms) = preSolution
		Debug|Any CPU = Debug|Any CPU
		Release|Any CPU = Release|Any CPU
	EndGlobalSection
	GlobalSection(ProjectConfigurationPlatforms) = postSolution
		{640DB909-2533-4ADD-867F-FA70740CC932}.Debug|Any CPU.ActiveCfg = Debug|Any CPU
		{640DB909-2533-4ADD-867F-FA70740CC932}.Debug|Any CPU.Build.0 = Debug|Any CPU
		{640DB909-2533-4ADD-867F-FA70740CC932}.Release|Any CPU.ActiveCfg = Release|Any CPU
		{640DB909-2533-4ADD-867F-FA70740CC932}.Release|Any CPU.Build.0 = Release|Any CPU
		{D75AFAFA-1249-49D9-BEE3-1CD1C9FBA698}.Debug|Any CPU.ActiveCfg = Debug|Any CPU
		{D75AFAFA-1249-49D9-BEE3-1CD1C9FBA698}.Debug|Any CPU.Build.0 = Debug|Any CPU
		{D75AFAFA-1249-49D9-BEE3-1CD1C9FBA698}.Release|Any CPU.ActiveCfg = Release|Any CPU
		{D75AFAFA-1249-49D9-BEE3-1CD1C9FBA698}.Release|Any CPU.Build.0 = Release|Any CPU
	EndGlobalSection
	GlobalSection(SolutionProperties) = preSolution
		HideSolutionNode = FALSE
	EndGlobalSection
EndGlobal
